// !$*UTF8*$!
{
	archiveVersion = 1;
	classes = {
	};
	objectVersion = 46;
	objects = {

/* Begin PBXBuildFile section */
		AD077CDA1E12253A006895B7 /* AppDelegate.swift in Sources */ = {isa = PBXBuildFile; fileRef = AD077CD91E12253A006895B7 /* AppDelegate.swift */; };
		AD077CDC1E12253A006895B7 /* FaceViewController.swift in Sources */ = {isa = PBXBuildFile; fileRef = AD077CDB1E12253A006895B7 /* FaceViewController.swift */; };
		AD077CDF1E12253A006895B7 /* Main.storyboard in Resources */ = {isa = PBXBuildFile; fileRef = AD077CDD1E12253A006895B7 /* Main.storyboard */; };
		AD077CE11E12253A006895B7 /* Assets.xcassets in Resources */ = {isa = PBXBuildFile; fileRef = AD077CE01E12253A006895B7 /* Assets.xcassets */; };
		AD077CE41E12253A006895B7 /* LaunchScreen.storyboard in Resources */ = {isa = PBXBuildFile; fileRef = AD077CE21E12253A006895B7 /* LaunchScreen.storyboard */; };
		AD077CED1E122625006895B7 /* FaceView.swift in Sources */ = {isa = PBXBuildFile; fileRef = AD077CEC1E122625006895B7 /* FaceView.swift */; };
		AD2A463C1E16006C000F355F /* EmotionsViewController.swift in Sources */ = {isa = PBXBuildFile; fileRef = AD2A463B1E16006C000F355F /* EmotionsViewController.swift */; };
		ADB28CAB1E1369E7001E0633 /* FacialExpression.swift in Sources */ = {isa = PBXBuildFile; fileRef = ADB28CAA1E1369E7001E0633 /* FacialExpression.swift */; };
/* End PBXBuildFile section */

/* Begin PBXFileReference section */
		AD077CD61E12253A006895B7 /* FaceIt.app */ = {isa = PBXFileReference; explicitFileType = wrapper.application; includeInIndex = 0; path = FaceIt.app; sourceTree = BUILT_PRODUCTS_DIR; };
		AD077CD91E12253A006895B7 /* AppDelegate.swift */ = {isa = PBXFileReference; lastKnownFileType = sourcecode.swift; path = AppDelegate.swift; sourceTree = "<group>"; };
		AD077CDB1E12253A006895B7 /* FaceViewController.swift */ = {isa = PBXFileReference; lastKnownFileType = sourcecode.swift; path = FaceViewController.swift; sourceTree = "<group>"; };
		AD077CDE1E12253A006895B7 /* Base */ = {isa = PBXFileReference; lastKnownFileType = file.storyboard; name = Base; path = Base.lproj/Main.storyboard; sourceTree = "<group>"; };
		AD077CE01E12253A006895B7 /* Assets.xcassets */ = {isa = PBXFileReference; lastKnownFileType = folder.assetcatalog; path = Assets.xcassets; sourceTree = "<group>"; };
		AD077CE31E12253A006895B7 /* Base */ = {isa = PBXFileReference; lastKnownFileType = file.storyboard; name = Base; path = Base.lproj/LaunchScreen.storyboard; sourceTree = "<group>"; };
		AD077CE51E12253A006895B7 /* Info.plist */ = {isa = PBXFileReference; lastKnownFileType = text.plist.xml; path = Info.plist; sourceTree = "<group>"; };
		AD077CEC1E122625006895B7 /* FaceView.swift */ = {isa = PBXFileReference; fileEncoding = 4; lastKnownFileType = sourcecode.swift; path = FaceView.swift; sourceTree = "<group>"; };
		AD2A463B1E16006C000F355F /* EmotionsViewController.swift */ = {isa = PBXFileReference; fileEncoding = 4; lastKnownFileType = sourcecode.swift; path = EmotionsViewController.swift; sourceTree = "<group>"; };
		ADB28CAA1E1369E7001E0633 /* FacialExpression.swift */ = {isa = PBXFileReference; fileEncoding = 4; lastKnownFileType = sourcecode.swift; path = FacialExpression.swift; sourceTree = "<group>"; };
/* End PBXFileReference section */

/* Begin PBXFrameworksBuildPhase section */
		AD077CD31E122539006895B7 /* Frameworks */ = {
			isa = PBXFrameworksBuildPhase;
			buildActionMask = 2147483647;
			files = (
			);
			runOnlyForDeploymentPostprocessing = 0;
		};
/* End PBXFrameworksBuildPhase section */

/* Begin PBXGroup section */
		AD077CCD1E122539006895B7 = {
			isa = PBXGroup;
			children = (
				AD077CD81E12253A006895B7 /* FaceIt */,
				AD077CD71E12253A006895B7 /* Products */,
			);
			sourceTree = "<group>";
		};
		AD077CD71E12253A006895B7 /* Products */ = {
			isa = PBXGroup;
			children = (
				AD077CD61E12253A006895B7 /* FaceIt.app */,
			);
			name = Products;
			sourceTree = "<group>";
		};
		AD077CD81E12253A006895B7 /* FaceIt */ = {
			isa = PBXGroup;
			children = (
				AD077CEB1E122550006895B7 /* Supporting Files */,
				AD077CDB1E12253A006895B7 /* FaceViewController.swift */,
				AD077CDD1E12253A006895B7 /* Main.storyboard */,
				AD077CEC1E122625006895B7 /* FaceView.swift */,
				ADB28CAA1E1369E7001E0633 /* FacialExpression.swift */,
				AD2A463B1E16006C000F355F /* EmotionsViewController.swift */,
			);
			path = FaceIt;
			sourceTree = "<group>";
		};
		AD077CEB1E122550006895B7 /* Supporting Files */ = {
			isa = PBXGroup;
			children = (
				AD077CD91E12253A006895B7 /* AppDelegate.swift */,
				AD077CE01E12253A006895B7 /* Assets.xcassets */,
				AD077CE21E12253A006895B7 /* LaunchScreen.storyboard */,
				AD077CE51E12253A006895B7 /* Info.plist */,
			);
			name = "Supporting Files";
			sourceTree = "<group>";
		};
/* End PBXGroup section */

/* Begin PBXNativeTarget section */
		AD077CD51E122539006895B7 /* FaceIt */ = {
			isa = PBXNativeTarget;
			buildConfigurationList = AD077CE81E12253A006895B7 /* Build configuration list for PBXNativeTarget "FaceIt" */;
			buildPhases = (
				AD077CD21E122539006895B7 /* Sources */,
				AD077CD31E122539006895B7 /* Frameworks */,
				AD077CD41E122539006895B7 /* Resources */,
			);
			buildRules = (
			);
			dependencies = (
			);
			name = FaceIt;
			productName = FaceIt;
			productReference = AD077CD61E12253A006895B7 /* FaceIt.app */;
			productType = "com.apple.product-type.application";
		};
/* End PBXNativeTarget section */

/* Begin PBXProject section */
		AD077CCE1E122539006895B7 /* Project object */ = {
			isa = PBXProject;
			attributes = {
				LastSwiftUpdateCheck = 0820;
				LastUpgradeCheck = 0820;
				ORGANIZATIONNAME = "Neil White";
				TargetAttributes = {
					AD077CD51E122539006895B7 = {
						CreatedOnToolsVersion = 8.2.1;
						DevelopmentTeam = SH7478YYW6;
						ProvisioningStyle = Automatic;
					};
				};
			};
			buildConfigurationList = AD077CD11E122539006895B7 /* Build configuration list for PBXProject "FaceIt" */;
			compatibilityVersion = "Xcode 3.2";
			developmentRegion = English;
			hasScannedForEncodings = 0;
			knownRegions = (
				en,
				Base,
			);
			mainGroup = AD077CCD1E122539006895B7;
			productRefGroup = AD077CD71E12253A006895B7 /* Products */;
			projectDirPath = "";
			projectRoot = "";
			targets = (
				AD077CD51E122539006895B7 /* FaceIt */,
			);
		};
/* End PBXProject section */

/* Begin PBXResourcesBuildPhase section */
		AD077CD41E122539006895B7 /* Resources */ = {
			isa = PBXResourcesBuildPhase;
			buildActionMask = 2147483647;
			files = (
				AD077CE41E12253A006895B7 /* LaunchScreen.storyboard in Resources */,
				AD077CE11E12253A006895B7 /* Assets.xcassets in Resources */,
				AD077CDF1E12253A006895B7 /* Main.storyboard in Resources */,
			);
			runOnlyForDeploymentPostprocessing = 0;
		};
/* End PBXResourcesBuildPhase section */

/* Begin PBXSourcesBuildPhase section */
		AD077CD21E122539006895B7 /* Sources */ = {
			isa = PBXSourcesBuildPhase;
			buildActionMask = 2147483647;
			files = (
				AD077CDC1E12253A006895B7 /* FaceViewController.swift in Sources */,
				ADB28CAB1E1369E7001E0633 /* FacialExpression.swift in Sources */,
				AD2A463C1E16006C000F355F /* EmotionsViewController.swift in Sources */,
				AD077CDA1E12253A006895B7 /* AppDelegate.swift in Sources */,
				AD077CED1E122625006895B7 /* FaceView.swift in Sources */,
			);
			runOnlyForDeploymentPostprocessing = 0;
		};
/* End PBXSourcesBuildPhase section */

/* Begin PBXVariantGroup section */
		AD077CDD1E12253A006895B7 /* Main.storyboard */ = {
			isa = PBXVariantGroup;
			children = (
				AD077CDE1E12253A006895B7 /* Base */,
			);
			name = Main.storyboard;
			sourceTree = "<group>";
		};
		AD077CE21E12253A006895B7 /* LaunchScreen.storyboard */ = {
			isa = PBXVariantGroup;
			children = (
				AD077CE31E12253A006895B7 /* Base */,
			);
			name = LaunchScreen.storyboard;
			sourceTree = "<group>";
		};
/* End PBXVariantGroup section */

/* Begin XCBuildConfiguration section */
		AD077CE61E12253A006895B7 /* Debug */ = {
			isa = XCBuildConfiguration;
			buildSettings = {
				ALWAYS_SEARCH_USER_PATHS = NO;
				CLANG_ANALYZER_NONNULL = YES;
				CLANG_CXX_LANGUAGE_STANDARD = "gnu++0x";
				CLANG_CXX_LIBRARY = "libc++";
				CLANG_ENABLE_MODULES = YES;
				CLANG_ENABLE_OBJC_ARC = YES;
				CLANG_WARN_BOOL_CONVERSION = YES;
				CLANG_WARN_CONSTANT_CONVERSION = YES;
				CLANG_WARN_DIRECT_OBJC_ISA_USAGE = YES_ERROR;
				CLANG_WARN_DOCUMENTATION_COMMENTS = YES;
				CLANG_WARN_EMPTY_BODY = YES;
				CLANG_WARN_ENUM_CONVERSION = YES;
				CLANG_WARN_INFINITE_RECURSION = YES;
				CLANG_WARN_INT_CONVERSION = YES;
				CLANG_WARN_OBJC_ROOT_CLASS = YES_ERROR;
				CLANG_WARN_SUSPICIOUS_MOVE = YES;
				CLANG_WARN_UNREACHABLE_CODE = YES;
				CLANG_WARN__DUPLICATE_METHOD_MATCH = YES;
				"CODE_SIGN_IDENTITY[sdk=iphoneos*]" = "iPhone Developer";
				COPY_PHASE_STRIP = NO;
				DEBUG_INFORMATION_FORMAT = dwarf;
				ENABLE_STRICT_OBJC_MSGSEND = YES;
				ENABLE_TESTABILITY = YES;
				GCC_C_LANGUAGE_STANDARD = gnu99;
				GCC_DYNAMIC_NO_PIC = NO;
				GCC_NO_COMMON_BLOCKS = YES;
				GCC_OPTIMIZATION_LEVEL = 0;
				GCC_PREPROCESSOR_DEFINITIONS = (
					"DEBUG=1",
					"$(inherited)",
				);
				GCC_WARN_64_TO_32_BIT_CONVERSION = YES;
				GCC_WARN_ABOUT_RETURN_TYPE = YES_ERROR;
				GCC_WARN_UNDECLARED_SELECTOR = YES;
				GCC_WARN_UNINITIALIZED_AUTOS = YES_AGGRESSIVE;
				GCC_WARN_UNUSED_FUNCTION = YES;
				GCC_WARN_UNUSED_VARIABLE = YES;
				IPHONEOS_DEPLOYMENT_TARGET = 10.2;
				MTL_ENABLE_DEBUG_INFO = YES;
				ONLY_ACTIVE_ARCH = YES;
				SDKROOT = iphoneos;
				SWIFT_ACTIVE_COMPILATION_CONDITIONS = DEBUG;
				SWIFT_OPTIMIZATION_LEVEL = "-Onone";
				TARGETED_DEVICE_FAMILY = "1,2";
			};
			name = Debug;
		};
		AD077CE71E12253A006895B7 /* Release */ = {
			isa = XCBuildConfiguration;
			buildSettings = {
				ALWAYS_SEARCH_USER_PATHS = NO;
				CLANG_ANALYZER_NONNULL = YES;
				CLANG_CXX_LANGUAGE_STANDARD = "gnu++0x";
				CLANG_CXX_LIBRARY = "libc++";
				CLANG_ENABLE_MODULES = YES;
				CLANG_ENABLE_OBJC_ARC = YES;
				CLANG_WARN_BOOL_CONVERSION = YES;
				CLANG_WARN_CONSTANT_CONVERSION = YES;
				CLANG_WARN_DIRECT_OBJC_ISA_USAGE = YES_ERROR;
				CLANG_WARN_DOCUMENTATION_COMMENTS = YES;
				CLANG_WARN_EMPTY_BODY = YES;
				CLANG_WARN_ENUM_CONVERSION = YES;
				CLANG_WARN_INFINITE_RECURSION = YES;
				CLANG_WARN_INT_CONVERSION = YES;
				CLANG_WARN_OBJC_ROOT_CLASS = YES_ERROR;
				CLANG_WARN_SUSPICIOUS_MOVE = YES;
				CLANG_WARN_UNREACHABLE_CODE = YES;
				CLANG_WARN__DUPLICATE_METHOD_MATCH = YES;
				"CODE_SIGN_IDENTITY[sdk=iphoneos*]" = "iPhone Developer";
				COPY_PHASE_STRIP = NO;
				DEBUG_INFORMATION_FORMAT = "dwarf-with-dsym";
				ENABLE_NS_ASSERTIONS = NO;
				ENABLE_STRICT_OBJC_MSGSEND = YES;
				GCC_C_LANGUAGE_STANDARD = gnu99;
				GCC_NO_COMMON_BLOCKS = YES;
				GCC_WARN_64_TO_32_BIT_CONVERSION = YES;
				GCC_WARN_ABOUT_RETURN_TYPE = YES_ERROR;
				GCC_WARN_UNDECLARED_SELECTOR = YES;
				GCC_WARN_UNINITIALIZED_AUTOS = YES_AGGRESSIVE;
				GCC_WARN_UNUSED_FUNCTION = YES;
				GCC_WARN_UNUSED_VARIABLE = YES;
				IPHONEOS_DEPLOYMENT_TARGET = 10.2;
				MTL_ENABLE_DEBUG_INFO = NO;
				SDKROOT = iphoneos;
				SWIFT_OPTIMIZATION_LEVEL = "-Owholemodule";
				TARGETED_DEVICE_FAMILY = "1,2";
				VALIDATE_PRODUCT = YES;
			};
			name = Release;
		};
		AD077CE91E12253A006895B7 /* Debug */ = {
			isa = XCBuildConfiguration;
			buildSettings = {
				ASSETCATALOG_COMPILER_APPICON_NAME = AppIcon;
				DEVELOPMENT_TEAM = SH7478YYW6;
				INFOPLIST_FILE = FaceIt/Info.plist;
				LD_RUNPATH_SEARCH_PATHS = "$(inherited) @executable_path/Frameworks";
				PRODUCT_BUNDLE_IDENTIFIER = "stigfinnaren-icloud.com.FaceIt";
				PRODUCT_NAME = "$(TARGET_NAME)";
				SWIFT_VERSION = 3.0;
			};
			name = Debug;
		};
		AD077CEA1E12253A006895B7 /* Release */ = {
			isa = XCBuildConfiguration;
			buildSettings = {
				ASSETCATALOG_COMPILER_APPICON_NAME = AppIcon;
				DEVELOPMENT_TEAM = SH7478YYW6;
				INFOPLIST_FILE = FaceIt/Info.plist;
				LD_RUNPATH_SEARCH_PATHS = "$(inherited) @executable_path/Frameworks";
				PRODUCT_BUNDLE_IDENTIFIER = "stigfinnaren-icloud.com.FaceIt";
				PRODUCT_NAME = "$(TARGET_NAME)";
				SWIFT_VERSION = 3.0;
			};
			name = Release;
		};
/* End XCBuildConfiguration section */

/* Begin XCConfigurationList section */
		AD077CD11E122539006895B7 /* Build configuration list for PBXProject "FaceIt" */ = {
			isa = XCConfigurationList;
			buildConfigurations = (
				AD077CE61E12253A006895B7 /* Debug */,
				AD077CE71E12253A006895B7 /* Release */,
			);
			defaultConfigurationIsVisible = 0;
			defaultConfigurationName = Release;
		};
		AD077CE81E12253A006895B7 /* Build configuration list for PBXNativeTarget "FaceIt" */ = {
			isa = XCConfigurationList;
			buildConfigurations = (
				AD077CE91E12253A006895B7 /* Debug */,
				AD077CEA1E12253A006895B7 /* Release */,
			);
			defaultConfigurationIsVisible = 0;
			defaultConfigurationName = Release;
		};
/* End XCConfigurationList section */
	};
	rootObject = AD077CCE1E122539006895B7 /* Project object */;
}
